// !$*UTF8*$!
{
	archiveVersion = 1;
	classes = {
	};
	objectVersion = 77;
	objects = {

/* Begin PBXBuildFile section */
		138674FFA87B67DA94510C76 /* StreamTileView.swift in Sources */ = {isa = PBXBuildFile; fileRef = 7726D184377643A947651197 /* StreamTileView.swift */; };
		3E0094D40D60D568104B3DFD /* Go2RTCService.swift in Sources */ = {isa = PBXBuildFile; fileRef = A3F09335227562118490F42D /* Go2RTCService.swift */; };
		418C1334E3AC65BCFB917B75 /* WebRTCClient.swift in Sources */ = {isa = PBXBuildFile; fileRef = 5DACF308C1F95D62B870ED87 /* WebRTCClient.swift */; };
		75E44CDE96F2557DA250C26B /* ContentView.swift in Sources */ = {isa = PBXBuildFile; fileRef = 26F3CA546F37C98A61D88BF5 /* ContentView.swift */; };
		83319F6FFD444E98DC2BFFCB /* WebRTCFactory.swift in Sources */ = {isa = PBXBuildFile; fileRef = 88E724223FFA7DAE82CF309C /* WebRTCFactory.swift */; };
		84BBA8F8E96BB4E23224ECA9 /* TileGridView.swift in Sources */ = {isa = PBXBuildFile; fileRef = 2E5A029474247BB6AFA6BDEF /* TileGridView.swift */; };
		96BC67A29A90B8A360E1D71D /* AudioSessionManager.swift in Sources */ = {isa = PBXBuildFile; fileRef = 2D82BAD3385D5502890D95EC /* AudioSessionManager.swift */; };
		9E370CD1DBE57C76DAE9165B /* Stream.swift in Sources */ = {isa = PBXBuildFile; fileRef = 7C662CA29197190C68E6097C /* Stream.swift */; };
		A11FD17592A9E75EEB1F9A3D /* GlassBackground.swift in Sources */ = {isa = PBXBuildFile; fileRef = F04C827AD6B3C5D9653B5797 /* GlassBackground.swift */; };
		C31C6131719B8845C487D6FA /* GlassViewApp.swift in Sources */ = {isa = PBXBuildFile; fileRef = 802EE4038702F58ACE2E7981 /* GlassViewApp.swift */; };
		CFFCB64FA566F2145949DB78 /* PlaybackOnlyAudioDevice.swift in Sources */ = {isa = PBXBuildFile; fileRef = A8C36B678BEB1743CE3CCAA0 /* PlaybackOnlyAudioDevice.swift */; };
		E6B4EE52EAAD320CAD715F35 /* WebRTC in Frameworks */ = {isa = PBXBuildFile; productRef = A6F94A89307D01A524E31725 /* WebRTC */; };
/* End PBXBuildFile section */

/* Begin PBXFileReference section */
		24266A99580748B006ADB87E /* Info.plist */ = {isa = PBXFileReference; lastKnownFileType = text.plist; path = Info.plist; sourceTree = "<group>"; };
		26F3CA546F37C98A61D88BF5 /* ContentView.swift */ = {isa = PBXFileReference; lastKnownFileType = sourcecode.swift; path = ContentView.swift; sourceTree = "<group>"; };
		2D82BAD3385D5502890D95EC /* AudioSessionManager.swift */ = {isa = PBXFileReference; lastKnownFileType = sourcecode.swift; path = AudioSessionManager.swift; sourceTree = "<group>"; };
		2E5A029474247BB6AFA6BDEF /* TileGridView.swift */ = {isa = PBXFileReference; lastKnownFileType = sourcecode.swift; path = TileGridView.swift; sourceTree = "<group>"; };
		5DACF308C1F95D62B870ED87 /* WebRTCClient.swift */ = {isa = PBXFileReference; lastKnownFileType = sourcecode.swift; path = WebRTCClient.swift; sourceTree = "<group>"; };
		7726D184377643A947651197 /* StreamTileView.swift */ = {isa = PBXFileReference; lastKnownFileType = sourcecode.swift; path = StreamTileView.swift; sourceTree = "<group>"; };
		7C662CA29197190C68E6097C /* Stream.swift */ = {isa = PBXFileReference; lastKnownFileType = sourcecode.swift; path = Stream.swift; sourceTree = "<group>"; };
		802EE4038702F58ACE2E7981 /* GlassViewApp.swift */ = {isa = PBXFileReference; lastKnownFileType = sourcecode.swift; path = GlassViewApp.swift; sourceTree = "<group>"; };
		88E724223FFA7DAE82CF309C /* WebRTCFactory.swift */ = {isa = PBXFileReference; lastKnownFileType = sourcecode.swift; path = WebRTCFactory.swift; sourceTree = "<group>"; };
		A3F09335227562118490F42D /* Go2RTCService.swift */ = {isa = PBXFileReference; lastKnownFileType = sourcecode.swift; path = Go2RTCService.swift; sourceTree = "<group>"; };
		A8C36B678BEB1743CE3CCAA0 /* PlaybackOnlyAudioDevice.swift */ = {isa = PBXFileReference; lastKnownFileType = sourcecode.swift; path = PlaybackOnlyAudioDevice.swift; sourceTree = "<group>"; };
		E11D9842A24774A5BF7FEA76 /* GlassView.app */ = {isa = PBXFileReference; explicitFileType = wrapper.application; includeInIndex = 0; path = GlassView.app; sourceTree = BUILT_PRODUCTS_DIR; };
		F04C827AD6B3C5D9653B5797 /* GlassBackground.swift */ = {isa = PBXFileReference; lastKnownFileType = sourcecode.swift; path = GlassBackground.swift; sourceTree = "<group>"; };
/* End PBXFileReference section */

/* Begin PBXFrameworksBuildPhase section */
		15AC2ADE9A7E275E211AAFA4 /* Frameworks */ = {
			isa = PBXFrameworksBuildPhase;
			buildActionMask = 2147483647;
			files = (
				E6B4EE52EAAD320CAD715F35 /* WebRTC in Frameworks */,
			);
			runOnlyForDeploymentPostprocessing = 0;
		};
/* End PBXFrameworksBuildPhase section */

/* Begin PBXGroup section */
		1190883D6B9D54BE9FFADEE2 /* Views */ = {
			isa = PBXGroup;
			children = (
				26F3CA546F37C98A61D88BF5 /* ContentView.swift */,
				7726D184377643A947651197 /* StreamTileView.swift */,
				2E5A029474247BB6AFA6BDEF /* TileGridView.swift */,
				811B7F681AF5763A0F4D023B /* Components */,
			);
			path = Views;
			sourceTree = "<group>";
		};
		240DA1CD5D420C221B1FD41F /* App */ = {
			isa = PBXGroup;
			children = (
				802EE4038702F58ACE2E7981 /* GlassViewApp.swift */,
			);
			path = App;
			sourceTree = "<group>";
		};
		3755D22CE5F29329AC1AB074 = {
			isa = PBXGroup;
			children = (
				CECAFFF512A8A6DE76F2472C /* GlassView */,
				DB90332DD9DED1A1AD682E63 /* Products */,
			);
			sourceTree = "<group>";
		};
		430B1DB21B0767A80D02D935 /* Services */ = {
			isa = PBXGroup;
			children = (
				2D82BAD3385D5502890D95EC /* AudioSessionManager.swift */,
				A3F09335227562118490F42D /* Go2RTCService.swift */,
				A8C36B678BEB1743CE3CCAA0 /* PlaybackOnlyAudioDevice.swift */,
				5DACF308C1F95D62B870ED87 /* WebRTCClient.swift */,
				88E724223FFA7DAE82CF309C /* WebRTCFactory.swift */,
			);
			path = Services;
			sourceTree = "<group>";
		};
		811B7F681AF5763A0F4D023B /* Components */ = {
			isa = PBXGroup;
			children = (
				F04C827AD6B3C5D9653B5797 /* GlassBackground.swift */,
			);
			path = Components;
			sourceTree = "<group>";
		};
		93325173C710FAFC06224BA0 /* Models */ = {
			isa = PBXGroup;
			children = (
				7C662CA29197190C68E6097C /* Stream.swift */,
			);
			path = Models;
			sourceTree = "<group>";
		};
		CECAFFF512A8A6DE76F2472C /* GlassView */ = {
			isa = PBXGroup;
			children = (
				24266A99580748B006ADB87E /* Info.plist */,
				240DA1CD5D420C221B1FD41F /* App */,
				93325173C710FAFC06224BA0 /* Models */,
				430B1DB21B0767A80D02D935 /* Services */,
				1190883D6B9D54BE9FFADEE2 /* Views */,
			);
			path = GlassView;
			sourceTree = "<group>";
		};
		DB90332DD9DED1A1AD682E63 /* Products */ = {
			isa = PBXGroup;
			children = (
				E11D9842A24774A5BF7FEA76 /* GlassView.app */,
			);
			name = Products;
			sourceTree = "<group>";
		};
/* End PBXGroup section */

/* Begin PBXNativeTarget section */
		973AE19084EEED9ECA08526D /* GlassView */ = {
			isa = PBXNativeTarget;
			buildConfigurationList = 54513AA1EC16E47693001182 /* Build configuration list for PBXNativeTarget "GlassView" */;
			buildPhases = (
				26946A3140FC0D296F33ED9A /* Sources */,
				15AC2ADE9A7E275E211AAFA4 /* Frameworks */,
			);
			buildRules = (
			);
			dependencies = (
			);
			name = GlassView;
			packageProductDependencies = (
				A6F94A89307D01A524E31725 /* WebRTC */,
			);
			productName = GlassView;
			productReference = E11D9842A24774A5BF7FEA76 /* GlassView.app */;
			productType = "com.apple.product-type.application";
		};
/* End PBXNativeTarget section */

/* Begin PBXProject section */
		3495E4CDA50BF445C89E45A5 /* Project object */ = {
			isa = PBXProject;
			attributes = {
				BuildIndependentTargetsInParallel = YES;
				LastUpgradeCheck = 1600;
				TargetAttributes = {
					973AE19084EEED9ECA08526D = {
						ProvisioningStyle = Automatic;
					};
				};
			};
			buildConfigurationList = 6A532D636C824C1D424CB4E6 /* Build configuration list for PBXProject "GlassView" */;
			developmentRegion = en;
			hasScannedForEncodings = 0;
			knownRegions = (
				Base,
				en,
			);
			mainGroup = 3755D22CE5F29329AC1AB074;
			minimizedProjectReferenceProxies = 1;
			packageReferences = (
				6D85FC831E6C7E6A0C4CE21F /* XCRemoteSwiftPackageReference "WebRTC" */,
			);
			preferredProjectObjectVersion = 77;
			productRefGroup = DB90332DD9DED1A1AD682E63 /* Products */;
			projectDirPath = "";
			projectRoot = "";
			targets = (
				973AE19084EEED9ECA08526D /* GlassView */,
			);
		};
/* End PBXProject section */

/* Begin PBXSourcesBuildPhase section */
		26946A3140FC0D296F33ED9A /* Sources */ = {
			isa = PBXSourcesBuildPhase;
			buildActionMask = 2147483647;
			files = (
				96BC67A29A90B8A360E1D71D /* AudioSessionManager.swift in Sources */,
				75E44CDE96F2557DA250C26B /* ContentView.swift in Sources */,
				A11FD17592A9E75EEB1F9A3D /* GlassBackground.swift in Sources */,
				C31C6131719B8845C487D6FA /* GlassViewApp.swift in Sources */,
				3E0094D40D60D568104B3DFD /* Go2RTCService.swift in Sources */,
				CFFCB64FA566F2145949DB78 /* PlaybackOnlyAudioDevice.swift in Sources */,
				9E370CD1DBE57C76DAE9165B /* Stream.swift in Sources */,
				138674FFA87B67DA94510C76 /* StreamTileView.swift in Sources */,
				84BBA8F8E96BB4E23224ECA9 /* TileGridView.swift in Sources */,
				418C1334E3AC65BCFB917B75 /* WebRTCClient.swift in Sources */,
				83319F6FFD444E98DC2BFFCB /* WebRTCFactory.swift in Sources */,
			);
			runOnlyForDeploymentPostprocessing = 0;
		};
/* End PBXSourcesBuildPhase section */

/* Begin XCBuildConfiguration section */
		23ACAD2384BD9759BD8145C7 /* Release */ = {
			isa = XCBuildConfiguration;
			buildSettings = {
				ASSETCATALOG_COMPILER_APPICON_NAME = AppIcon;
				CODE_SIGN_IDENTITY = "Apple Development";
				CODE_SIGN_STYLE = Automatic;
				CURRENT_PROJECT_VERSION = 1;
				DERIVE_MACCATALYST_PRODUCT_BUNDLE_IDENTIFIER = NO;
				DEVELOPMENT_TEAM = 7TNKU576K8;
				INFOPLIST_FILE = GlassView/Info.plist;
				LD_RUNPATH_SEARCH_PATHS = (
					"$(inherited)",
					"@executable_path/Frameworks",
				);
				MARKETING_VERSION = 1.0;
				PRODUCT_BUNDLE_IDENTIFIER = works.rainn.glassview;
				SDKROOT = iphoneos;
				SUPPORTS_MACCATALYST = YES;
				SUPPORTS_MAC_DESIGNED_FOR_IPHONE_IPAD = YES;
				TARGETED_DEVICE_FAMILY = "1,2,6";
			};
			name = Release;
		};
		32820C04537B8E707AA7FD3A /* Debug */ = {
			isa = XCBuildConfiguration;
			buildSettings = {
				ALWAYS_SEARCH_USER_PATHS = NO;
				CLANG_ANALYZER_NONNULL = YES;
				CLANG_ANALYZER_NUMBER_OBJECT_CONVERSION = YES_AGGRESSIVE;
				CLANG_CXX_LANGUAGE_STANDARD = "gnu++14";
				CLANG_CXX_LIBRARY = "libc++";
				CLANG_ENABLE_MODULES = YES;
				CLANG_ENABLE_OBJC_ARC = YES;
				CLANG_ENABLE_OBJC_WEAK = YES;
				CLANG_WARN_BLOCK_CAPTURE_AUTORELEASING = YES;
				CLANG_WARN_BOOL_CONVERSION = YES;
				CLANG_WARN_COMMA = YES;
				CLANG_WARN_CONSTANT_CONVERSION = YES;
				CLANG_WARN_DEPRECATED_OBJC_IMPLEMENTATIONS = YES;
				CLANG_WARN_DIRECT_OBJC_ISA_USAGE = YES_ERROR;
				CLANG_WARN_DOCUMENTATION_COMMENTS = YES;
				CLANG_WARN_EMPTY_BODY = YES;
				CLANG_WARN_ENUM_CONVERSION = YES;
				CLANG_WARN_INFINITE_RECURSION = YES;
				CLANG_WARN_INT_CONVERSION = YES;
				CLANG_WARN_NON_LITERAL_NULL_CONVERSION = YES;
				CLANG_WARN_OBJC_IMPLICIT_RETAIN_SELF = YES;
				CLANG_WARN_OBJC_LITERAL_CONVERSION = YES;
				CLANG_WARN_OBJC_ROOT_CLASS = YES_ERROR;
				CLANG_WARN_QUOTED_INCLUDE_IN_FRAMEWORK_HEADER = YES;
				CLANG_WARN_RANGE_LOOP_ANALYSIS = YES;
				CLANG_WARN_STRICT_PROTOTYPES = YES;
				CLANG_WARN_SUSPICIOUS_MOVE = YES;
				CLANG_WARN_UNGUARDED_AVAILABILITY = YES_AGGRESSIVE;
				CLANG_WARN_UNREACHABLE_CODE = YES;
				CLANG_WARN__DUPLICATE_METHOD_MATCH = YES;
				COPY_PHASE_STRIP = NO;
				DEBUG_INFORMATION_FORMAT = dwarf;
				ENABLE_STRICT_OBJC_MSGSEND = YES;
				ENABLE_TESTABILITY = YES;
				GCC_C_LANGUAGE_STANDARD = gnu11;
				GCC_DYNAMIC_NO_PIC = NO;
				GCC_NO_COMMON_BLOCKS = YES;
				GCC_OPTIMIZATION_LEVEL = 0;
				GCC_PREPROCESSOR_DEFINITIONS = (
					"$(inherited)",
					"DEBUG=1",
				);
				GCC_WARN_64_TO_32_BIT_CONVERSION = YES;
				GCC_WARN_ABOUT_RETURN_TYPE = YES_ERROR;
				GCC_WARN_UNDECLARED_SELECTOR = YES;
				GCC_WARN_UNINITIALIZED_AUTOS = YES_AGGRESSIVE;
				GCC_WARN_UNUSED_FUNCTION = YES;
				GCC_WARN_UNUSED_VARIABLE = YES;
				IPHONEOS_DEPLOYMENT_TARGET = 17.0;
				MACOSX_DEPLOYMENT_TARGET = 14.0;
				MTL_ENABLE_DEBUG_INFO = INCLUDE_SOURCE;
				MTL_FAST_MATH = YES;
				ONLY_ACTIVE_ARCH = YES;
				PRODUCT_NAME = "$(TARGET_NAME)";
				SDKROOT = iphoneos;
				SWIFT_ACTIVE_COMPILATION_CONDITIONS = DEBUG;
				SWIFT_OPTIMIZATION_LEVEL = "-Onone";
				SWIFT_VERSION = 5.0;
			};
			name = Debug;
		};
		71B07D25849F26C11F72E4E6 /* Release */ = {
			isa = XCBuildConfiguration;
			buildSettings = {
				ALWAYS_SEARCH_USER_PATHS = NO;
				CLANG_ANALYZER_NONNULL = YES;
				CLANG_ANALYZER_NUMBER_OBJECT_CONVERSION = YES_AGGRESSIVE;
				CLANG_CXX_LANGUAGE_STANDARD = "gnu++14";
				CLANG_CXX_LIBRARY = "libc++";
				CLANG_ENABLE_MODULES = YES;
				CLANG_ENABLE_OBJC_ARC = YES;
				CLANG_ENABLE_OBJC_WEAK = YES;
				CLANG_WARN_BLOCK_CAPTURE_AUTORELEASING = YES;
				CLANG_WARN_BOOL_CONVERSION = YES;
				CLANG_WARN_COMMA = YES;
				CLANG_WARN_CONSTANT_CONVERSION = YES;
				CLANG_WARN_DEPRECATED_OBJC_IMPLEMENTATIONS = YES;
				CLANG_WARN_DIRECT_OBJC_ISA_USAGE = YES_ERROR;
				CLANG_WARN_DOCUMENTATION_COMMENTS = YES;
				CLANG_WARN_EMPTY_BODY = YES;
				CLANG_WARN_ENUM_CONVERSION = YES;
				CLANG_WARN_INFINITE_RECURSION = YES;
				CLANG_WARN_INT_CONVERSION = YES;
				CLANG_WARN_NON_LITERAL_NULL_CONVERSION = YES;
				CLANG_WARN_OBJC_IMPLICIT_RETAIN_SELF = YES;
				CLANG_WARN_OBJC_LITERAL_CONVERSION = YES;
				CLANG_WARN_OBJC_ROOT_CLASS = YES_ERROR;
				CLANG_WARN_QUOTED_INCLUDE_IN_FRAMEWORK_HEADER = YES;
				CLANG_WARN_RANGE_LOOP_ANALYSIS = YES;
				CLANG_WARN_STRICT_PROTOTYPES = YES;
				CLANG_WARN_SUSPICIOUS_MOVE = YES;
				CLANG_WARN_UNGUARDED_AVAILABILITY = YES_AGGRESSIVE;
				CLANG_WARN_UNREACHABLE_CODE = YES;
				CLANG_WARN__DUPLICATE_METHOD_MATCH = YES;
				COPY_PHASE_STRIP = NO;
				DEBUG_INFORMATION_FORMAT = "dwarf-with-dsym";
				ENABLE_NS_ASSERTIONS = NO;
				ENABLE_STRICT_OBJC_MSGSEND = YES;
				GCC_C_LANGUAGE_STANDARD = gnu11;
				GCC_NO_COMMON_BLOCKS = YES;
				GCC_WARN_64_TO_32_BIT_CONVERSION = YES;
				GCC_WARN_ABOUT_RETURN_TYPE = YES_ERROR;
				GCC_WARN_UNDECLARED_SELECTOR = YES;
				GCC_WARN_UNINITIALIZED_AUTOS = YES_AGGRESSIVE;
				GCC_WARN_UNUSED_FUNCTION = YES;
				GCC_WARN_UNUSED_VARIABLE = YES;
				IPHONEOS_DEPLOYMENT_TARGET = 17.0;
				MACOSX_DEPLOYMENT_TARGET = 14.0;
				MTL_ENABLE_DEBUG_INFO = NO;
				MTL_FAST_MATH = YES;
				PRODUCT_NAME = "$(TARGET_NAME)";
				SDKROOT = iphoneos;
				SWIFT_COMPILATION_MODE = wholemodule;
				SWIFT_OPTIMIZATION_LEVEL = "-O";
				SWIFT_VERSION = 5.0;
			};
			name = Release;
		};
		E81BC09CB50A701897124495 /* Debug */ = {
			isa = XCBuildConfiguration;
			buildSettings = {
				ASSETCATALOG_COMPILER_APPICON_NAME = AppIcon;
				CODE_SIGN_IDENTITY = "Apple Development";
				CODE_SIGN_STYLE = Automatic;
				CURRENT_PROJECT_VERSION = 1;
				DERIVE_MACCATALYST_PRODUCT_BUNDLE_IDENTIFIER = NO;
				DEVELOPMENT_TEAM = 7TNKU576K8;
				INFOPLIST_FILE = GlassView/Info.plist;
				LD_RUNPATH_SEARCH_PATHS = (
					"$(inherited)",
					"@executable_path/Frameworks",
				);
				MARKETING_VERSION = 1.0;
				PRODUCT_BUNDLE_IDENTIFIER = works.rainn.glassview;
				SDKROOT = iphoneos;
				SUPPORTS_MACCATALYST = YES;
				SUPPORTS_MAC_DESIGNED_FOR_IPHONE_IPAD = YES;
				TARGETED_DEVICE_FAMILY = "1,2,6";
			};
			name = Debug;
		};
/* End XCBuildConfiguration section */

/* Begin XCConfigurationList section */
		54513AA1EC16E47693001182 /* Build configuration list for PBXNativeTarget "GlassView" */ = {
			isa = XCConfigurationList;
			buildConfigurations = (
				E81BC09CB50A701897124495 /* Debug */,
				23ACAD2384BD9759BD8145C7 /* Release */,
			);
			defaultConfigurationIsVisible = 0;
			defaultConfigurationName = Debug;
		};
		6A532D636C824C1D424CB4E6 /* Build configuration list for PBXProject "GlassView" */ = {
			isa = XCConfigurationList;
			buildConfigurations = (
				32820C04537B8E707AA7FD3A /* Debug */,
				71B07D25849F26C11F72E4E6 /* Release */,
			);
			defaultConfigurationIsVisible = 0;
			defaultConfigurationName = Debug;
		};
/* End XCConfigurationList section */

/* Begin XCRemoteSwiftPackageReference section */
		6D85FC831E6C7E6A0C4CE21F /* XCRemoteSwiftPackageReference "WebRTC" */ = {
			isa = XCRemoteSwiftPackageReference;
			repositoryURL = "https://github.com/stasel/WebRTC";
			requirement = {
				kind = exactVersion;
				version = 140.0.0;
			};
		};
/* End XCRemoteSwiftPackageReference section */

/* Begin XCSwiftPackageProductDependency section */
		A6F94A89307D01A524E31725 /* WebRTC */ = {
			isa = XCSwiftPackageProductDependency;
			package = 6D85FC831E6C7E6A0C4CE21F /* XCRemoteSwiftPackageReference "WebRTC" */;
			productName = WebRTC;
		};
/* End XCSwiftPackageProductDependency section */
	};
	rootObject = 3495E4CDA50BF445C89E45A5 /* Project object */;
}
